// !$*UTF8*$!
{
	archiveVersion = 1;
	classes = {
	};
	objectVersion = 46;
	objects = {

/* Begin PBXBuildFile section */
		0712FB311BF5778C0090EF1F /* TableViewCell.swift in Sources */ = {isa = PBXBuildFile; fileRef = 0712FB301BF5778C0090EF1F /* TableViewCell.swift */; };
		0712FB331BF577B40090EF1F /* GathuringTableView.swift in Sources */ = {isa = PBXBuildFile; fileRef = 0712FB321BF577B40090EF1F /* GathuringTableView.swift */; };
		0712FB351BF579220090EF1F /* GathurObj.swift in Sources */ = {isa = PBXBuildFile; fileRef = 0712FB341BF579220090EF1F /* GathurObj.swift */; };
		0712FB371BF583850090EF1F /* ProfileViewController.swift in Sources */ = {isa = PBXBuildFile; fileRef = 0712FB361BF583850090EF1F /* ProfileViewController.swift */; };
		0712FB391BF586E20090EF1F /* Profile.swift in Sources */ = {isa = PBXBuildFile; fileRef = 0712FB381BF586E20090EF1F /* Profile.swift */; };
		072ADE261C18CE31004C2E60 /* UserGathuringsTableViewCell.swift in Sources */ = {isa = PBXBuildFile; fileRef = 072ADE251C18CE31004C2E60 /* UserGathuringsTableViewCell.swift */; };
		072ADE281C1B4C22004C2E60 /* CommentsTableViewCell.swift in Sources */ = {isa = PBXBuildFile; fileRef = 072ADE271C1B4C22004C2E60 /* CommentsTableViewCell.swift */; };
		072ADE2A1C1B6A12004C2E60 /* FriendsAttendingTableViewController.swift in Sources */ = {isa = PBXBuildFile; fileRef = 072ADE291C1B6A12004C2E60 /* FriendsAttendingTableViewController.swift */; };
		072ADE2C1C1B6AC7004C2E60 /* FriendsListTableViewCell.swift in Sources */ = {isa = PBXBuildFile; fileRef = 072ADE2B1C1B6AC7004C2E60 /* FriendsListTableViewCell.swift */; };
		075D78761BED44E500AEB08E /* AppDelegate.swift in Sources */ = {isa = PBXBuildFile; fileRef = 075D78751BED44E500AEB08E /* AppDelegate.swift */; };
		075D787D1BED44E500AEB08E /* Assets.xcassets in Resources */ = {isa = PBXBuildFile; fileRef = 075D787C1BED44E500AEB08E /* Assets.xcassets */; };
		075D78801BED44E500AEB08E /* LaunchScreen.storyboard in Resources */ = {isa = PBXBuildFile; fileRef = 075D787E1BED44E500AEB08E /* LaunchScreen.storyboard */; };
		075D788B1BED44E500AEB08E /* GathurTests.swift in Sources */ = {isa = PBXBuildFile; fileRef = 075D788A1BED44E500AEB08E /* GathurTests.swift */; };
		075D78961BED44E500AEB08E /* GathurUITests.swift in Sources */ = {isa = PBXBuildFile; fileRef = 075D78951BED44E500AEB08E /* GathurUITests.swift */; };
		0779E00E1BF96D4E000CC03E /* NewGathurViewController.swift in Sources */ = {isa = PBXBuildFile; fileRef = 0779E00D1BF96D4E000CC03E /* NewGathurViewController.swift */; };
		077B57231BFA87CC00E34DD0 /* RegisterPageViewController.swift in Sources */ = {isa = PBXBuildFile; fileRef = 077B57221BFA87CC00E34DD0 /* RegisterPageViewController.swift */; };
		077B57251BFA87D500E34DD0 /* LoginUserViewController.swift in Sources */ = {isa = PBXBuildFile; fileRef = 077B57241BFA87D500E34DD0 /* LoginUserViewController.swift */; };
		077B57311BFD6C8000E34DD0 /* Main.storyboard in Resources */ = {isa = PBXBuildFile; fileRef = 077B572F1BFD6C8000E34DD0 /* Main.storyboard */; };
		077B57331BFE8E0E00E34DD0 /* GathurDetailsViewController.swift in Sources */ = {isa = PBXBuildFile; fileRef = 077B57321BFE8E0E00E34DD0 /* GathurDetailsViewController.swift */; };
		079D7A9C1C1C7CF30094F3C5 /* Alamofire.framework in Frameworks */ = {isa = PBXBuildFile; fileRef = 079D7A8F1C1C7CD60094F3C5 /* Alamofire.framework */; };
		079D7A9D1C1C7CF30094F3C5 /* Alamofire.framework in Embed Frameworks */ = {isa = PBXBuildFile; fileRef = 079D7A8F1C1C7CD60094F3C5 /* Alamofire.framework */; settings = {ATTRIBUTES = (CodeSignOnCopy, RemoveHeadersOnCopy, ); }; };
		079D7AA31C1C9A360094F3C5 /* MyGathuringsTableViewController.swift in Sources */ = {isa = PBXBuildFile; fileRef = 079D7AA21C1C9A360094F3C5 /* MyGathuringsTableViewController.swift */; };
		079D7AD41C1CEDD70094F3C5 /* SwiftyJSON.framework in Frameworks */ = {isa = PBXBuildFile; fileRef = 079D7AC71C1CEDCE0094F3C5 /* SwiftyJSON.framework */; };
		079D7AD51C1CEDD70094F3C5 /* SwiftyJSON.framework in Embed Frameworks */ = {isa = PBXBuildFile; fileRef = 079D7AC71C1CEDCE0094F3C5 /* SwiftyJSON.framework */; settings = {ATTRIBUTES = (CodeSignOnCopy, RemoveHeadersOnCopy, ); }; };
/* End PBXBuildFile section */

/* Begin PBXContainerItemProxy section */
		075D78871BED44E500AEB08E /* PBXContainerItemProxy */ = {
			isa = PBXContainerItemProxy;
			containerPortal = 075D786A1BED44E500AEB08E /* Project object */;
			proxyType = 1;
			remoteGlobalIDString = 075D78711BED44E500AEB08E;
			remoteInfo = Gathur;
		};
		075D78921BED44E500AEB08E /* PBXContainerItemProxy */ = {
			isa = PBXContainerItemProxy;
			containerPortal = 075D786A1BED44E500AEB08E /* Project object */;
			proxyType = 1;
			remoteGlobalIDString = 075D78711BED44E500AEB08E;
			remoteInfo = Gathur;
		};
		079D7A8E1C1C7CD60094F3C5 /* PBXContainerItemProxy */ = {
			isa = PBXContainerItemProxy;
			containerPortal = 079D7A841C1C7CD60094F3C5 /* Alamofire.xcodeproj */;
			proxyType = 2;
			remoteGlobalIDString = F8111E3319A95C8B0040E7D1;
			remoteInfo = "Alamofire iOS";
		};
		079D7A901C1C7CD60094F3C5 /* PBXContainerItemProxy */ = {
			isa = PBXContainerItemProxy;
			containerPortal = 079D7A841C1C7CD60094F3C5 /* Alamofire.xcodeproj */;
			proxyType = 2;
			remoteGlobalIDString = F8111E3E19A95C8B0040E7D1;
			remoteInfo = "Alamofire iOS Tests";
		};
		079D7A921C1C7CD60094F3C5 /* PBXContainerItemProxy */ = {
			isa = PBXContainerItemProxy;
			containerPortal = 079D7A841C1C7CD60094F3C5 /* Alamofire.xcodeproj */;
			proxyType = 2;
			remoteGlobalIDString = 4DD67C0B1A5C55C900ED2280;
			remoteInfo = "Alamofire OSX";
		};
		079D7A941C1C7CD60094F3C5 /* PBXContainerItemProxy */ = {
			isa = PBXContainerItemProxy;
			containerPortal = 079D7A841C1C7CD60094F3C5 /* Alamofire.xcodeproj */;
			proxyType = 2;
			remoteGlobalIDString = F829C6B21A7A94F100A2CD59;
			remoteInfo = "Alamofire OSX Tests";
		};
		079D7A961C1C7CD60094F3C5 /* PBXContainerItemProxy */ = {
			isa = PBXContainerItemProxy;
			containerPortal = 079D7A841C1C7CD60094F3C5 /* Alamofire.xcodeproj */;
			proxyType = 2;
			remoteGlobalIDString = 4CF626EF1BA7CB3E0011A099;
			remoteInfo = "Alamofire tvOS";
		};
		079D7A981C1C7CD60094F3C5 /* PBXContainerItemProxy */ = {
			isa = PBXContainerItemProxy;
			containerPortal = 079D7A841C1C7CD60094F3C5 /* Alamofire.xcodeproj */;
			proxyType = 2;
			remoteGlobalIDString = 4CF626F81BA7CB3E0011A099;
			remoteInfo = "Alamofire tvOS Tests";
		};
		079D7A9A1C1C7CD60094F3C5 /* PBXContainerItemProxy */ = {
			isa = PBXContainerItemProxy;
			containerPortal = 079D7A841C1C7CD60094F3C5 /* Alamofire.xcodeproj */;
			proxyType = 2;
			remoteGlobalIDString = E4202FE01B667AA100C997FB;
			remoteInfo = "Alamofire watchOS";
		};
		079D7A9E1C1C7CF30094F3C5 /* PBXContainerItemProxy */ = {
			isa = PBXContainerItemProxy;
			containerPortal = 079D7A841C1C7CD60094F3C5 /* Alamofire.xcodeproj */;
			proxyType = 1;
			remoteGlobalIDString = F8111E3219A95C8B0040E7D1;
			remoteInfo = "Alamofire iOS";
		};
		079D7AC61C1CEDCE0094F3C5 /* PBXContainerItemProxy */ = {
			isa = PBXContainerItemProxy;
			containerPortal = 079D7AB61C1CEDCE0094F3C5 /* SwiftyJSON.xcodeproj */;
			proxyType = 2;
			remoteGlobalIDString = 2E4FEFDB19575BE100351305;
			remoteInfo = "SwiftyJSON iOS";
		};
		079D7AC81C1CEDCE0094F3C5 /* PBXContainerItemProxy */ = {
			isa = PBXContainerItemProxy;
			containerPortal = 079D7AB61C1CEDCE0094F3C5 /* SwiftyJSON.xcodeproj */;
			proxyType = 2;
			remoteGlobalIDString = 2E4FEFE619575BE100351305;
			remoteInfo = "SwiftyJSON iOS Tests";
		};
		079D7ACA1C1CEDCE0094F3C5 /* PBXContainerItemProxy */ = {
			isa = PBXContainerItemProxy;
			containerPortal = 079D7AB61C1CEDCE0094F3C5 /* SwiftyJSON.xcodeproj */;
			proxyType = 2;
			remoteGlobalIDString = 9C7DFC5B1A9102BD005AA3F7;
			remoteInfo = "SwiftyJSON OSX";
		};
		079D7ACC1C1CEDCE0094F3C5 /* PBXContainerItemProxy */ = {
			isa = PBXContainerItemProxy;
			containerPortal = 079D7AB61C1CEDCE0094F3C5 /* SwiftyJSON.xcodeproj */;
			proxyType = 2;
			remoteGlobalIDString = 9C7DFC651A9102BD005AA3F7;
			remoteInfo = "SwiftyJSON OSX Tests";
		};
		079D7ACE1C1CEDCE0094F3C5 /* PBXContainerItemProxy */ = {
			isa = PBXContainerItemProxy;
			containerPortal = 079D7AB61C1CEDCE0094F3C5 /* SwiftyJSON.xcodeproj */;
			proxyType = 2;
			remoteGlobalIDString = E4D7CCE81B9465A700EE7221;
			remoteInfo = "SwiftyJSON watchOS";
		};
		079D7AD01C1CEDCE0094F3C5 /* PBXContainerItemProxy */ = {
			isa = PBXContainerItemProxy;
			containerPortal = 079D7AB61C1CEDCE0094F3C5 /* SwiftyJSON.xcodeproj */;
			proxyType = 2;
			remoteGlobalIDString = 7236B4F61BAC14150020529B;
			remoteInfo = "SwiftyJSON tvOS";
		};
		079D7AD21C1CEDCE0094F3C5 /* PBXContainerItemProxy */ = {
			isa = PBXContainerItemProxy;
			containerPortal = 079D7AB61C1CEDCE0094F3C5 /* SwiftyJSON.xcodeproj */;
			proxyType = 2;
			remoteGlobalIDString = A8580F741BCF5C5B00DA927B;
			remoteInfo = "SwiftyJSON tvOS Tests";
		};
		079D7AD61C1CEDD70094F3C5 /* PBXContainerItemProxy */ = {
			isa = PBXContainerItemProxy;
			containerPortal = 079D7AB61C1CEDCE0094F3C5 /* SwiftyJSON.xcodeproj */;
			proxyType = 1;
			remoteGlobalIDString = 2E4FEFDA19575BE100351305;
			remoteInfo = "SwiftyJSON iOS";
		};
/* End PBXContainerItemProxy section */

/* Begin PBXCopyFilesBuildPhase section */
		079D7AA01C1C7CF30094F3C5 /* Embed Frameworks */ = {
			isa = PBXCopyFilesBuildPhase;
			buildActionMask = 2147483647;
			dstPath = "";
			dstSubfolderSpec = 10;
			files = (
				079D7AD51C1CEDD70094F3C5 /* SwiftyJSON.framework in Embed Frameworks */,
				079D7A9D1C1C7CF30094F3C5 /* Alamofire.framework in Embed Frameworks */,
			);
			name = "Embed Frameworks";
			runOnlyForDeploymentPostprocessing = 0;
		};
/* End PBXCopyFilesBuildPhase section */

/* Begin PBXFileReference section */
		0712FB301BF5778C0090EF1F /* TableViewCell.swift */ = {isa = PBXFileReference; fileEncoding = 4; lastKnownFileType = sourcecode.swift; path = TableViewCell.swift; sourceTree = "<group>"; };
		0712FB321BF577B40090EF1F /* GathuringTableView.swift */ = {isa = PBXFileReference; fileEncoding = 4; lastKnownFileType = sourcecode.swift; path = GathuringTableView.swift; sourceTree = "<group>"; };
		0712FB341BF579220090EF1F /* GathurObj.swift */ = {isa = PBXFileReference; fileEncoding = 4; lastKnownFileType = sourcecode.swift; path = GathurObj.swift; sourceTree = "<group>"; };
		0712FB361BF583850090EF1F /* ProfileViewController.swift */ = {isa = PBXFileReference; fileEncoding = 4; lastKnownFileType = sourcecode.swift; path = ProfileViewController.swift; sourceTree = "<group>"; };
		0712FB381BF586E20090EF1F /* Profile.swift */ = {isa = PBXFileReference; fileEncoding = 4; lastKnownFileType = sourcecode.swift; path = Profile.swift; sourceTree = "<group>"; };
		072ADE251C18CE31004C2E60 /* UserGathuringsTableViewCell.swift */ = {isa = PBXFileReference; fileEncoding = 4; lastKnownFileType = sourcecode.swift; path = UserGathuringsTableViewCell.swift; sourceTree = "<group>"; };
		072ADE271C1B4C22004C2E60 /* CommentsTableViewCell.swift */ = {isa = PBXFileReference; fileEncoding = 4; lastKnownFileType = sourcecode.swift; path = CommentsTableViewCell.swift; sourceTree = "<group>"; };
		072ADE291C1B6A12004C2E60 /* FriendsAttendingTableViewController.swift */ = {isa = PBXFileReference; fileEncoding = 4; lastKnownFileType = sourcecode.swift; path = FriendsAttendingTableViewController.swift; sourceTree = "<group>"; };
		072ADE2B1C1B6AC7004C2E60 /* FriendsListTableViewCell.swift */ = {isa = PBXFileReference; fileEncoding = 4; lastKnownFileType = sourcecode.swift; path = FriendsListTableViewCell.swift; sourceTree = "<group>"; };
		075D78721BED44E500AEB08E /* Gathur.app */ = {isa = PBXFileReference; explicitFileType = wrapper.application; includeInIndex = 0; path = Gathur.app; sourceTree = BUILT_PRODUCTS_DIR; };
		075D78751BED44E500AEB08E /* AppDelegate.swift */ = {isa = PBXFileReference; lastKnownFileType = sourcecode.swift; path = AppDelegate.swift; sourceTree = "<group>"; };
		075D787C1BED44E500AEB08E /* Assets.xcassets */ = {isa = PBXFileReference; lastKnownFileType = folder.assetcatalog; path = Assets.xcassets; sourceTree = "<group>"; };
		075D787F1BED44E500AEB08E /* Base */ = {isa = PBXFileReference; lastKnownFileType = file.storyboard; name = Base; path = Base.lproj/LaunchScreen.storyboard; sourceTree = "<group>"; };
		075D78811BED44E500AEB08E /* Info.plist */ = {isa = PBXFileReference; lastKnownFileType = text.plist.xml; path = Info.plist; sourceTree = "<group>"; };
		075D78861BED44E500AEB08E /* GathurTests.xctest */ = {isa = PBXFileReference; explicitFileType = wrapper.cfbundle; includeInIndex = 0; path = GathurTests.xctest; sourceTree = BUILT_PRODUCTS_DIR; };
		075D788A1BED44E500AEB08E /* GathurTests.swift */ = {isa = PBXFileReference; lastKnownFileType = sourcecode.swift; path = GathurTests.swift; sourceTree = "<group>"; };
		075D788C1BED44E500AEB08E /* Info.plist */ = {isa = PBXFileReference; lastKnownFileType = text.plist.xml; path = Info.plist; sourceTree = "<group>"; };
		075D78911BED44E500AEB08E /* GathurUITests.xctest */ = {isa = PBXFileReference; explicitFileType = wrapper.cfbundle; includeInIndex = 0; path = GathurUITests.xctest; sourceTree = BUILT_PRODUCTS_DIR; };
		075D78951BED44E500AEB08E /* GathurUITests.swift */ = {isa = PBXFileReference; lastKnownFileType = sourcecode.swift; path = GathurUITests.swift; sourceTree = "<group>"; };
		075D78971BED44E500AEB08E /* Info.plist */ = {isa = PBXFileReference; lastKnownFileType = text.plist.xml; path = Info.plist; sourceTree = "<group>"; };
		0779E00D1BF96D4E000CC03E /* NewGathurViewController.swift */ = {isa = PBXFileReference; fileEncoding = 4; lastKnownFileType = sourcecode.swift; path = NewGathurViewController.swift; sourceTree = "<group>"; };
		077B57221BFA87CC00E34DD0 /* RegisterPageViewController.swift */ = {isa = PBXFileReference; fileEncoding = 4; lastKnownFileType = sourcecode.swift; name = RegisterPageViewController.swift; path = "../../Downloads/Gathur-login/RegisterPageViewController.swift"; sourceTree = "<group>"; };
		077B57241BFA87D500E34DD0 /* LoginUserViewController.swift */ = {isa = PBXFileReference; fileEncoding = 4; lastKnownFileType = sourcecode.swift; name = LoginUserViewController.swift; path = "../../Downloads/Gathur-login/LoginUserViewController.swift"; sourceTree = "<group>"; };
		077B57301BFD6C8000E34DD0 /* Base */ = {isa = PBXFileReference; lastKnownFileType = file.storyboard; name = Base; path = Base.lproj/Main.storyboard; sourceTree = "<group>"; };
		077B57321BFE8E0E00E34DD0 /* GathurDetailsViewController.swift */ = {isa = PBXFileReference; fileEncoding = 4; lastKnownFileType = sourcecode.swift; path = GathurDetailsViewController.swift; sourceTree = "<group>"; };
		079D7A841C1C7CD60094F3C5 /* Alamofire.xcodeproj */ = {isa = PBXFileReference; lastKnownFileType = "wrapper.pb-project"; name = Alamofire.xcodeproj; path = "../Documents/Alamofire-master/Alamofire.xcodeproj"; sourceTree = "<group>"; };
		079D7AA21C1C9A360094F3C5 /* MyGathuringsTableViewController.swift */ = {isa = PBXFileReference; fileEncoding = 4; lastKnownFileType = sourcecode.swift; path = MyGathuringsTableViewController.swift; sourceTree = "<group>"; };
		079D7AB61C1CEDCE0094F3C5 /* SwiftyJSON.xcodeproj */ = {isa = PBXFileReference; lastKnownFileType = "wrapper.pb-project"; name = SwiftyJSON.xcodeproj; path = "../Documents/SwiftyJSON-master/SwiftyJSON.xcodeproj"; sourceTree = "<group>"; };
/* End PBXFileReference section */

/* Begin PBXFrameworksBuildPhase section */
		075D786F1BED44E500AEB08E /* Frameworks */ = {
			isa = PBXFrameworksBuildPhase;
			buildActionMask = 2147483647;
			files = (
				079D7AD41C1CEDD70094F3C5 /* SwiftyJSON.framework in Frameworks */,
				079D7A9C1C1C7CF30094F3C5 /* Alamofire.framework in Frameworks */,
			);
			runOnlyForDeploymentPostprocessing = 0;
		};
		075D78831BED44E500AEB08E /* Frameworks */ = {
			isa = PBXFrameworksBuildPhase;
			buildActionMask = 2147483647;
			files = (
			);
			runOnlyForDeploymentPostprocessing = 0;
		};
		075D788E1BED44E500AEB08E /* Frameworks */ = {
			isa = PBXFrameworksBuildPhase;
			buildActionMask = 2147483647;
			files = (
			);
			runOnlyForDeploymentPostprocessing = 0;
		};
/* End PBXFrameworksBuildPhase section */

/* Begin PBXGroup section */
		075D78691BED44E500AEB08E = {
			isa = PBXGroup;
			children = (
				079D7AB61C1CEDCE0094F3C5 /* SwiftyJSON.xcodeproj */,
				079D7A841C1C7CD60094F3C5 /* Alamofire.xcodeproj */,
				075D78741BED44E500AEB08E /* Gathur */,
				075D78891BED44E500AEB08E /* GathurTests */,
				075D78941BED44E500AEB08E /* GathurUITests */,
				075D78731BED44E500AEB08E /* Products */,
			);
			sourceTree = "<group>";
		};
		075D78731BED44E500AEB08E /* Products */ = {
			isa = PBXGroup;
			children = (
				075D78721BED44E500AEB08E /* Gathur.app */,
				075D78861BED44E500AEB08E /* GathurTests.xctest */,
				075D78911BED44E500AEB08E /* GathurUITests.xctest */,
			);
			name = Products;
			sourceTree = "<group>";
		};
		075D78741BED44E500AEB08E /* Gathur */ = {
			isa = PBXGroup;
			children = (
				075D78751BED44E500AEB08E /* AppDelegate.swift */,
				077B57221BFA87CC00E34DD0 /* RegisterPageViewController.swift */,
				077B57241BFA87D500E34DD0 /* LoginUserViewController.swift */,
				075D787C1BED44E500AEB08E /* Assets.xcassets */,
				077B572F1BFD6C8000E34DD0 /* Main.storyboard */,
				075D787E1BED44E500AEB08E /* LaunchScreen.storyboard */,
				075D78811BED44E500AEB08E /* Info.plist */,
				0712FB301BF5778C0090EF1F /* TableViewCell.swift */,
				0712FB321BF577B40090EF1F /* GathuringTableView.swift */,
				0712FB341BF579220090EF1F /* GathurObj.swift */,
				0712FB361BF583850090EF1F /* ProfileViewController.swift */,
				0712FB381BF586E20090EF1F /* Profile.swift */,
				0779E00D1BF96D4E000CC03E /* NewGathurViewController.swift */,
				077B57321BFE8E0E00E34DD0 /* GathurDetailsViewController.swift */,
				072ADE251C18CE31004C2E60 /* UserGathuringsTableViewCell.swift */,
				072ADE271C1B4C22004C2E60 /* CommentsTableViewCell.swift */,
				072ADE291C1B6A12004C2E60 /* FriendsAttendingTableViewController.swift */,
				072ADE2B1C1B6AC7004C2E60 /* FriendsListTableViewCell.swift */,
				079D7AA21C1C9A360094F3C5 /* MyGathuringsTableViewController.swift */,
			);
			path = Gathur;
			sourceTree = "<group>";
		};
		075D78891BED44E500AEB08E /* GathurTests */ = {
			isa = PBXGroup;
			children = (
				075D788A1BED44E500AEB08E /* GathurTests.swift */,
				075D788C1BED44E500AEB08E /* Info.plist */,
			);
			path = GathurTests;
			sourceTree = "<group>";
		};
		075D78941BED44E500AEB08E /* GathurUITests */ = {
			isa = PBXGroup;
			children = (
				075D78951BED44E500AEB08E /* GathurUITests.swift */,
				075D78971BED44E500AEB08E /* Info.plist */,
			);
			path = GathurUITests;
			sourceTree = "<group>";
		};
		079D7A851C1C7CD60094F3C5 /* Products */ = {
			isa = PBXGroup;
			children = (
				079D7A8F1C1C7CD60094F3C5 /* Alamofire.framework */,
				079D7A911C1C7CD60094F3C5 /* Alamofire iOS Tests.xctest */,
				079D7A931C1C7CD60094F3C5 /* Alamofire.framework */,
				079D7A951C1C7CD60094F3C5 /* Alamofire OSX Tests.xctest */,
				079D7A971C1C7CD60094F3C5 /* Alamofire.framework */,
				079D7A991C1C7CD60094F3C5 /* Alamofire tvOS Tests.xctest */,
				079D7A9B1C1C7CD60094F3C5 /* Alamofire.framework */,
			);
			name = Products;
			sourceTree = "<group>";
		};
		079D7AB71C1CEDCE0094F3C5 /* Products */ = {
			isa = PBXGroup;
			children = (
				079D7AC71C1CEDCE0094F3C5 /* SwiftyJSON.framework */,
				079D7AC91C1CEDCE0094F3C5 /* SwiftyJSON iOS Tests.xctest */,
				079D7ACB1C1CEDCE0094F3C5 /* SwiftyJSON.framework */,
				079D7ACD1C1CEDCE0094F3C5 /* SwiftyJSON OSX Tests.xctest */,
				079D7ACF1C1CEDCE0094F3C5 /* SwiftyJSON.framework */,
				079D7AD11C1CEDCE0094F3C5 /* SwiftyJSON.framework */,
				079D7AD31C1CEDCE0094F3C5 /* SwiftyJSON tvOS Tests.xctest */,
			);
			name = Products;
			sourceTree = "<group>";
		};
/* End PBXGroup section */

/* Begin PBXNativeTarget section */
		075D78711BED44E500AEB08E /* Gathur */ = {
			isa = PBXNativeTarget;
			buildConfigurationList = 075D789A1BED44E500AEB08E /* Build configuration list for PBXNativeTarget "Gathur" */;
			buildPhases = (
				075D786E1BED44E500AEB08E /* Sources */,
				075D786F1BED44E500AEB08E /* Frameworks */,
				075D78701BED44E500AEB08E /* Resources */,
				079D7AA01C1C7CF30094F3C5 /* Embed Frameworks */,
			);
			buildRules = (
			);
			dependencies = (
				079D7A9F1C1C7CF30094F3C5 /* PBXTargetDependency */,
				079D7AD71C1CEDD70094F3C5 /* PBXTargetDependency */,
			);
			name = Gathur;
			productName = Gathur;
			productReference = 075D78721BED44E500AEB08E /* Gathur.app */;
			productType = "com.apple.product-type.application";
		};
		075D78851BED44E500AEB08E /* GathurTests */ = {
			isa = PBXNativeTarget;
			buildConfigurationList = 075D789D1BED44E500AEB08E /* Build configuration list for PBXNativeTarget "GathurTests" */;
			buildPhases = (
				075D78821BED44E500AEB08E /* Sources */,
				075D78831BED44E500AEB08E /* Frameworks */,
				075D78841BED44E500AEB08E /* Resources */,
			);
			buildRules = (
			);
			dependencies = (
				075D78881BED44E500AEB08E /* PBXTargetDependency */,
			);
			name = GathurTests;
			productName = GathurTests;
			productReference = 075D78861BED44E500AEB08E /* GathurTests.xctest */;
			productType = "com.apple.product-type.bundle.unit-test";
		};
		075D78901BED44E500AEB08E /* GathurUITests */ = {
			isa = PBXNativeTarget;
			buildConfigurationList = 075D78A01BED44E500AEB08E /* Build configuration list for PBXNativeTarget "GathurUITests" */;
			buildPhases = (
				075D788D1BED44E500AEB08E /* Sources */,
				075D788E1BED44E500AEB08E /* Frameworks */,
				075D788F1BED44E500AEB08E /* Resources */,
			);
			buildRules = (
			);
			dependencies = (
				075D78931BED44E500AEB08E /* PBXTargetDependency */,
			);
			name = GathurUITests;
			productName = GathurUITests;
			productReference = 075D78911BED44E500AEB08E /* GathurUITests.xctest */;
			productType = "com.apple.product-type.bundle.ui-testing";
		};
/* End PBXNativeTarget section */

/* Begin PBXProject section */
		075D786A1BED44E500AEB08E /* Project object */ = {
			isa = PBXProject;
			attributes = {
				LastSwiftUpdateCheck = 0710;
				LastUpgradeCheck = 0710;
				ORGANIZATIONNAME = "Kathryn Ager";
				TargetAttributes = {
					075D78711BED44E500AEB08E = {
						CreatedOnToolsVersion = 7.1;
					};
					075D78851BED44E500AEB08E = {
						CreatedOnToolsVersion = 7.1;
						TestTargetID = 075D78711BED44E500AEB08E;
					};
					075D78901BED44E500AEB08E = {
						CreatedOnToolsVersion = 7.1;
						TestTargetID = 075D78711BED44E500AEB08E;
					};
				};
			};
			buildConfigurationList = 075D786D1BED44E500AEB08E /* Build configuration list for PBXProject "Gathur" */;
			compatibilityVersion = "Xcode 3.2";
			developmentRegion = English;
			hasScannedForEncodings = 0;
			knownRegions = (
				en,
				Base,
			);
			mainGroup = 075D78691BED44E500AEB08E;
			productRefGroup = 075D78731BED44E500AEB08E /* Products */;
			projectDirPath = "";
			projectReferences = (
				{
					ProductGroup = 079D7A851C1C7CD60094F3C5 /* Products */;
					ProjectRef = 079D7A841C1C7CD60094F3C5 /* Alamofire.xcodeproj */;
				},
				{
					ProductGroup = 079D7AB71C1CEDCE0094F3C5 /* Products */;
					ProjectRef = 079D7AB61C1CEDCE0094F3C5 /* SwiftyJSON.xcodeproj */;
				},
			);
			projectRoot = "";
			targets = (
				075D78711BED44E500AEB08E /* Gathur */,
				075D78851BED44E500AEB08E /* GathurTests */,
				075D78901BED44E500AEB08E /* GathurUITests */,
			);
		};
/* End PBXProject section */

/* Begin PBXReferenceProxy section */
		079D7A8F1C1C7CD60094F3C5 /* Alamofire.framework */ = {
			isa = PBXReferenceProxy;
			fileType = wrapper.framework;
			path = Alamofire.framework;
			remoteRef = 079D7A8E1C1C7CD60094F3C5 /* PBXContainerItemProxy */;
			sourceTree = BUILT_PRODUCTS_DIR;
		};
		079D7A911C1C7CD60094F3C5 /* Alamofire iOS Tests.xctest */ = {
			isa = PBXReferenceProxy;
			fileType = wrapper.cfbundle;
			path = "Alamofire iOS Tests.xctest";
			remoteRef = 079D7A901C1C7CD60094F3C5 /* PBXContainerItemProxy */;
			sourceTree = BUILT_PRODUCTS_DIR;
		};
		079D7A931C1C7CD60094F3C5 /* Alamofire.framework */ = {
			isa = PBXReferenceProxy;
			fileType = wrapper.framework;
			path = Alamofire.framework;
			remoteRef = 079D7A921C1C7CD60094F3C5 /* PBXContainerItemProxy */;
			sourceTree = BUILT_PRODUCTS_DIR;
		};
		079D7A951C1C7CD60094F3C5 /* Alamofire OSX Tests.xctest */ = {
			isa = PBXReferenceProxy;
			fileType = wrapper.cfbundle;
			path = "Alamofire OSX Tests.xctest";
			remoteRef = 079D7A941C1C7CD60094F3C5 /* PBXContainerItemProxy */;
			sourceTree = BUILT_PRODUCTS_DIR;
		};
		079D7A971C1C7CD60094F3C5 /* Alamofire.framework */ = {
			isa = PBXReferenceProxy;
			fileType = wrapper.framework;
			path = Alamofire.framework;
			remoteRef = 079D7A961C1C7CD60094F3C5 /* PBXContainerItemProxy */;
			sourceTree = BUILT_PRODUCTS_DIR;
		};
		079D7A991C1C7CD60094F3C5 /* Alamofire tvOS Tests.xctest */ = {
			isa = PBXReferenceProxy;
			fileType = wrapper.cfbundle;
			path = "Alamofire tvOS Tests.xctest";
			remoteRef = 079D7A981C1C7CD60094F3C5 /* PBXContainerItemProxy */;
			sourceTree = BUILT_PRODUCTS_DIR;
		};
		079D7A9B1C1C7CD60094F3C5 /* Alamofire.framework */ = {
			isa = PBXReferenceProxy;
			fileType = wrapper.framework;
			path = Alamofire.framework;
			remoteRef = 079D7A9A1C1C7CD60094F3C5 /* PBXContainerItemProxy */;
			sourceTree = BUILT_PRODUCTS_DIR;
		};
		079D7AC71C1CEDCE0094F3C5 /* SwiftyJSON.framework */ = {
			isa = PBXReferenceProxy;
			fileType = wrapper.framework;
			path = SwiftyJSON.framework;
			remoteRef = 079D7AC61C1CEDCE0094F3C5 /* PBXContainerItemProxy */;
			sourceTree = BUILT_PRODUCTS_DIR;
		};
		079D7AC91C1CEDCE0094F3C5 /* SwiftyJSON iOS Tests.xctest */ = {
			isa = PBXReferenceProxy;
			fileType = wrapper.cfbundle;
			path = "SwiftyJSON iOS Tests.xctest";
			remoteRef = 079D7AC81C1CEDCE0094F3C5 /* PBXContainerItemProxy */;
			sourceTree = BUILT_PRODUCTS_DIR;
		};
		079D7ACB1C1CEDCE0094F3C5 /* SwiftyJSON.framework */ = {
			isa = PBXReferenceProxy;
			fileType = wrapper.framework;
			path = SwiftyJSON.framework;
			remoteRef = 079D7ACA1C1CEDCE0094F3C5 /* PBXContainerItemProxy */;
			sourceTree = BUILT_PRODUCTS_DIR;
		};
		079D7ACD1C1CEDCE0094F3C5 /* SwiftyJSON OSX Tests.xctest */ = {
			isa = PBXReferenceProxy;
			fileType = wrapper.cfbundle;
			path = "SwiftyJSON OSX Tests.xctest";
			remoteRef = 079D7ACC1C1CEDCE0094F3C5 /* PBXContainerItemProxy */;
			sourceTree = BUILT_PRODUCTS_DIR;
		};
		079D7ACF1C1CEDCE0094F3C5 /* SwiftyJSON.framework */ = {
			isa = PBXReferenceProxy;
			fileType = wrapper.framework;
			path = SwiftyJSON.framework;
			remoteRef = 079D7ACE1C1CEDCE0094F3C5 /* PBXContainerItemProxy */;
			sourceTree = BUILT_PRODUCTS_DIR;
		};
		079D7AD11C1CEDCE0094F3C5 /* SwiftyJSON.framework */ = {
			isa = PBXReferenceProxy;
			fileType = wrapper.framework;
			path = SwiftyJSON.framework;
			remoteRef = 079D7AD01C1CEDCE0094F3C5 /* PBXContainerItemProxy */;
			sourceTree = BUILT_PRODUCTS_DIR;
		};
		079D7AD31C1CEDCE0094F3C5 /* SwiftyJSON tvOS Tests.xctest */ = {
			isa = PBXReferenceProxy;
			fileType = wrapper.cfbundle;
			path = "SwiftyJSON tvOS Tests.xctest";
			remoteRef = 079D7AD21C1CEDCE0094F3C5 /* PBXContainerItemProxy */;
			sourceTree = BUILT_PRODUCTS_DIR;
		};
/* End PBXReferenceProxy section */

/* Begin PBXResourcesBuildPhase section */
		075D78701BED44E500AEB08E /* Resources */ = {
			isa = PBXResourcesBuildPhase;
			buildActionMask = 2147483647;
			files = (
				077B57311BFD6C8000E34DD0 /* Main.storyboard in Resources */,
				075D78801BED44E500AEB08E /* LaunchScreen.storyboard in Resources */,
				075D787D1BED44E500AEB08E /* Assets.xcassets in Resources */,
			);
			runOnlyForDeploymentPostprocessing = 0;
		};
		075D78841BED44E500AEB08E /* Resources */ = {
			isa = PBXResourcesBuildPhase;
			buildActionMask = 2147483647;
			files = (
			);
			runOnlyForDeploymentPostprocessing = 0;
		};
		075D788F1BED44E500AEB08E /* Resources */ = {
			isa = PBXResourcesBuildPhase;
			buildActionMask = 2147483647;
			files = (
			);
			runOnlyForDeploymentPostprocessing = 0;
		};
/* End PBXResourcesBuildPhase section */

/* Begin PBXSourcesBuildPhase section */
		075D786E1BED44E500AEB08E /* Sources */ = {
			isa = PBXSourcesBuildPhase;
			buildActionMask = 2147483647;
			files = (
				0712FB371BF583850090EF1F /* ProfileViewController.swift in Sources */,
				0712FB311BF5778C0090EF1F /* TableViewCell.swift in Sources */,
				0712FB391BF586E20090EF1F /* Profile.swift in Sources */,
				0779E00E1BF96D4E000CC03E /* NewGathurViewController.swift in Sources */,
				077B57251BFA87D500E34DD0 /* LoginUserViewController.swift in Sources */,
				072ADE2C1C1B6AC7004C2E60 /* FriendsListTableViewCell.swift in Sources */,
				077B57331BFE8E0E00E34DD0 /* GathurDetailsViewController.swift in Sources */,
				077B57231BFA87CC00E34DD0 /* RegisterPageViewController.swift in Sources */,
				072ADE281C1B4C22004C2E60 /* CommentsTableViewCell.swift in Sources */,
				079D7AA31C1C9A360094F3C5 /* MyGathuringsTableViewController.swift in Sources */,
				072ADE261C18CE31004C2E60 /* UserGathuringsTableViewCell.swift in Sources */,
				072ADE2A1C1B6A12004C2E60 /* FriendsAttendingTableViewController.swift in Sources */,
				075D78761BED44E500AEB08E /* AppDelegate.swift in Sources */,
				0712FB351BF579220090EF1F /* GathurObj.swift in Sources */,
				0712FB331BF577B40090EF1F /* GathuringTableView.swift in Sources */,
			);
			runOnlyForDeploymentPostprocessing = 0;
		};
		075D78821BED44E500AEB08E /* Sources */ = {
			isa = PBXSourcesBuildPhase;
			buildActionMask = 2147483647;
			files = (
				075D788B1BED44E500AEB08E /* GathurTests.swift in Sources */,
			);
			runOnlyForDeploymentPostprocessing = 0;
		};
		075D788D1BED44E500AEB08E /* Sources */ = {
			isa = PBXSourcesBuildPhase;
			buildActionMask = 2147483647;
			files = (
				075D78961BED44E500AEB08E /* GathurUITests.swift in Sources */,
			);
			runOnlyForDeploymentPostprocessing = 0;
		};
/* End PBXSourcesBuildPhase section */

/* Begin PBXTargetDependency section */
		075D78881BED44E500AEB08E /* PBXTargetDependency */ = {
			isa = PBXTargetDependency;
			target = 075D78711BED44E500AEB08E /* Gathur */;
			targetProxy = 075D78871BED44E500AEB08E /* PBXContainerItemProxy */;
		};
		075D78931BED44E500AEB08E /* PBXTargetDependency */ = {
			isa = PBXTargetDependency;
			target = 075D78711BED44E500AEB08E /* Gathur */;
			targetProxy = 075D78921BED44E500AEB08E /* PBXContainerItemProxy */;
		};
		079D7A9F1C1C7CF30094F3C5 /* PBXTargetDependency */ = {
			isa = PBXTargetDependency;
			name = "Alamofire iOS";
			targetProxy = 079D7A9E1C1C7CF30094F3C5 /* PBXContainerItemProxy */;
		};
		079D7AD71C1CEDD70094F3C5 /* PBXTargetDependency */ = {
			isa = PBXTargetDependency;
			name = "SwiftyJSON iOS";
			targetProxy = 079D7AD61C1CEDD70094F3C5 /* PBXContainerItemProxy */;
		};
/* End PBXTargetDependency section */

/* Begin PBXVariantGroup section */
		075D787E1BED44E500AEB08E /* LaunchScreen.storyboard */ = {
			isa = PBXVariantGroup;
			children = (
				075D787F1BED44E500AEB08E /* Base */,
			);
			name = LaunchScreen.storyboard;
			sourceTree = "<group>";
		};
		077B572F1BFD6C8000E34DD0 /* Main.storyboard */ = {
			isa = PBXVariantGroup;
			children = (
				077B57301BFD6C8000E34DD0 /* Base */,
			);
			name = Main.storyboard;
			sourceTree = "<group>";
		};
/* End PBXVariantGroup section */

/* Begin XCBuildConfiguration section */
		075D78981BED44E500AEB08E /* Debug */ = {
			isa = XCBuildConfiguration;
			buildSettings = {
				ALWAYS_SEARCH_USER_PATHS = NO;
				CLANG_CXX_LANGUAGE_STANDARD = "gnu++0x";
				CLANG_CXX_LIBRARY = "libc++";
				CLANG_ENABLE_MODULES = YES;
				CLANG_ENABLE_OBJC_ARC = YES;
				CLANG_WARN_BOOL_CONVERSION = YES;
				CLANG_WARN_CONSTANT_CONVERSION = YES;
				CLANG_WARN_DIRECT_OBJC_ISA_USAGE = YES_ERROR;
				CLANG_WARN_EMPTY_BODY = YES;
				CLANG_WARN_ENUM_CONVERSION = YES;
				CLANG_WARN_INT_CONVERSION = YES;
				CLANG_WARN_OBJC_ROOT_CLASS = YES_ERROR;
				CLANG_WARN_UNREACHABLE_CODE = YES;
				CLANG_WARN__DUPLICATE_METHOD_MATCH = YES;
				"CODE_SIGN_IDENTITY[sdk=iphoneos*]" = "iPhone Developer";
				COPY_PHASE_STRIP = NO;
				DEBUG_INFORMATION_FORMAT = dwarf;
				ENABLE_STRICT_OBJC_MSGSEND = YES;
				ENABLE_TESTABILITY = YES;
				GCC_C_LANGUAGE_STANDARD = gnu99;
				GCC_DYNAMIC_NO_PIC = NO;
				GCC_NO_COMMON_BLOCKS = YES;
				GCC_OPTIMIZATION_LEVEL = 0;
				GCC_PREPROCESSOR_DEFINITIONS = (
					"DEBUG=1",
					"$(inherited)",
				);
				GCC_WARN_64_TO_32_BIT_CONVERSION = YES;
				GCC_WARN_ABOUT_RETURN_TYPE = YES_ERROR;
				GCC_WARN_UNDECLARED_SELECTOR = YES;
				GCC_WARN_UNINITIALIZED_AUTOS = YES_AGGRESSIVE;
				GCC_WARN_UNUSED_FUNCTION = YES;
				GCC_WARN_UNUSED_VARIABLE = YES;
				IPHONEOS_DEPLOYMENT_TARGET = 9.1;
				MTL_ENABLE_DEBUG_INFO = YES;
				ONLY_ACTIVE_ARCH = YES;
				SDKROOT = iphoneos;
				SWIFT_OPTIMIZATION_LEVEL = "-Onone";
				TARGETED_DEVICE_FAMILY = "1,2";
			};
			name = Debug;
		};
		075D78991BED44E500AEB08E /* Release */ = {
			isa = XCBuildConfiguration;
			buildSettings = {
				ALWAYS_SEARCH_USER_PATHS = NO;
				CLANG_CXX_LANGUAGE_STANDARD = "gnu++0x";
				CLANG_CXX_LIBRARY = "libc++";
				CLANG_ENABLE_MODULES = YES;
				CLANG_ENABLE_OBJC_ARC = YES;
				CLANG_WARN_BOOL_CONVERSION = YES;
				CLANG_WARN_CONSTANT_CONVERSION = YES;
				CLANG_WARN_DIRECT_OBJC_ISA_USAGE = YES_ERROR;
				CLANG_WARN_EMPTY_BODY = YES;
				CLANG_WARN_ENUM_CONVERSION = YES;
				CLANG_WARN_INT_CONVERSION = YES;
				CLANG_WARN_OBJC_ROOT_CLASS = YES_ERROR;
				CLANG_WARN_UNREACHABLE_CODE = YES;
				CLANG_WARN__DUPLICATE_METHOD_MATCH = YES;
				"CODE_SIGN_IDENTITY[sdk=iphoneos*]" = "iPhone Developer";
				COPY_PHASE_STRIP = NO;
				DEBUG_INFORMATION_FORMAT = "dwarf-with-dsym";
				ENABLE_NS_ASSERTIONS = NO;
				ENABLE_STRICT_OBJC_MSGSEND = YES;
				GCC_C_LANGUAGE_STANDARD = gnu99;
				GCC_NO_COMMON_BLOCKS = YES;
				GCC_WARN_64_TO_32_BIT_CONVERSION = YES;
				GCC_WARN_ABOUT_RETURN_TYPE = YES_ERROR;
				GCC_WARN_UNDECLARED_SELECTOR = YES;
				GCC_WARN_UNINITIALIZED_AUTOS = YES_AGGRESSIVE;
				GCC_WARN_UNUSED_FUNCTION = YES;
				GCC_WARN_UNUSED_VARIABLE = YES;
				IPHONEOS_DEPLOYMENT_TARGET = 9.1;
				MTL_ENABLE_DEBUG_INFO = NO;
				SDKROOT = iphoneos;
				TARGETED_DEVICE_FAMILY = "1,2";
				VALIDATE_PRODUCT = YES;
			};
			name = Release;
		};
		075D789B1BED44E500AEB08E /* Debug */ = {
			isa = XCBuildConfiguration;
			buildSettings = {
				ASSETCATALOG_COMPILER_APPICON_NAME = AppIcon;
				DEFINES_MODULE = NO;
				EMBEDDED_CONTENT_CONTAINS_SWIFT = YES;
				INFOPLIST_FILE = Gathur/Info.plist;
				LD_RUNPATH_SEARCH_PATHS = "$(inherited) @executable_path/Frameworks";
				PRODUCT_BUNDLE_IDENTIFIER = com.CS407.Gathur;
				PRODUCT_NAME = "$(TARGET_NAME)";
			};
			name = Debug;
		};
		075D789C1BED44E500AEB08E /* Release */ = {
			isa = XCBuildConfiguration;
			buildSettings = {
				ASSETCATALOG_COMPILER_APPICON_NAME = AppIcon;
				DEFINES_MODULE = NO;
				EMBEDDED_CONTENT_CONTAINS_SWIFT = YES;
				INFOPLIST_FILE = Gathur/Info.plist;
				LD_RUNPATH_SEARCH_PATHS = "$(inherited) @executable_path/Frameworks";
				PRODUCT_BUNDLE_IDENTIFIER = com.CS407.Gathur;
				PRODUCT_NAME = "$(TARGET_NAME)";
			};
			name = Release;
		};
		075D789E1BED44E500AEB08E /* Debug */ = {
			isa = XCBuildConfiguration;
			buildSettings = {
				BUNDLE_LOADER = "$(TEST_HOST)";
				INFOPLIST_FILE = GathurTests/Info.plist;
				LD_RUNPATH_SEARCH_PATHS = "$(inherited) @executable_path/Frameworks @loader_path/Frameworks";
				PRODUCT_BUNDLE_IDENTIFIER = com.CS407.GathurTests;
				PRODUCT_NAME = "$(TARGET_NAME)";
				TEST_HOST = "$(BUILT_PRODUCTS_DIR)/Gathur.app/Gathur";
			};
			name = Debug;
		};
		075D789F1BED44E500AEB08E /* Release */ = {
			isa = XCBuildConfiguration;
			buildSettings = {
				BUNDLE_LOADER = "$(TEST_HOST)";
				INFOPLIST_FILE = GathurTests/Info.plist;
				LD_RUNPATH_SEARCH_PATHS = "$(inherited) @executable_path/Frameworks @loader_path/Frameworks";
				PRODUCT_BUNDLE_IDENTIFIER = com.CS407.GathurTests;
				PRODUCT_NAME = "$(TARGET_NAME)";
				TEST_HOST = "$(BUILT_PRODUCTS_DIR)/Gathur.app/Gathur";
			};
			name = Release;
		};
		075D78A11BED44E500AEB08E /* Debug */ = {
			isa = XCBuildConfiguration;
			buildSettings = {
				INFOPLIST_FILE = GathurUITests/Info.plist;
				LD_RUNPATH_SEARCH_PATHS = "$(inherited) @executable_path/Frameworks @loader_path/Frameworks";
				PRODUCT_BUNDLE_IDENTIFIER = com.CS407.GathurUITests;
				PRODUCT_NAME = "$(TARGET_NAME)";
				TEST_TARGET_NAME = Gathur;
				USES_XCTRUNNER = YES;
			};
			name = Debug;
		};
		075D78A21BED44E500AEB08E /* Release */ = {
			isa = XCBuildConfiguration;
			buildSettings = {
				INFOPLIST_FILE = GathurUITests/Info.plist;
				LD_RUNPATH_SEARCH_PATHS = "$(inherited) @executable_path/Frameworks @loader_path/Frameworks";
				PRODUCT_BUNDLE_IDENTIFIER = com.CS407.GathurUITests;
				PRODUCT_NAME = "$(TARGET_NAME)";
				TEST_TARGET_NAME = Gathur;
				USES_XCTRUNNER = YES;
			};
			name = Release;
		};
/* End XCBuildConfiguration section */

/* Begin XCConfigurationList section */
		075D786D1BED44E500AEB08E /* Build configuration list for PBXProject "Gathur" */ = {
			isa = XCConfigurationList;
			buildConfigurations = (
				075D78981BED44E500AEB08E /* Debug */,
				075D78991BED44E500AEB08E /* Release */,
			);
			defaultConfigurationIsVisible = 0;
			defaultConfigurationName = Release;
		};
		075D789A1BED44E500AEB08E /* Build configuration list for PBXNativeTarget "Gathur" */ = {
			isa = XCConfigurationList;
			buildConfigurations = (
				075D789B1BED44E500AEB08E /* Debug */,
				075D789C1BED44E500AEB08E /* Release */,
			);
			defaultConfigurationIsVisible = 0;
			defaultConfigurationName = Release;
		};
		075D789D1BED44E500AEB08E /* Build configuration list for PBXNativeTarget "GathurTests" */ = {
			isa = XCConfigurationList;
			buildConfigurations = (
				075D789E1BED44E500AEB08E /* Debug */,
				075D789F1BED44E500AEB08E /* Release */,
			);
			defaultConfigurationIsVisible = 0;
			defaultConfigurationName = Release;
		};
		075D78A01BED44E500AEB08E /* Build configuration list for PBXNativeTarget "GathurUITests" */ = {
			isa = XCConfigurationList;
			buildConfigurations = (
				075D78A11BED44E500AEB08E /* Debug */,
				075D78A21BED44E500AEB08E /* Release */,
			);
			defaultConfigurationIsVisible = 0;
			defaultConfigurationName = Release;
		};
/* End XCConfigurationList section */
	};
	rootObject = 075D786A1BED44E500AEB08E /* Project object */;
}
